{
  "requires": true,
  "lockfileVersion": 1,
  "dependencies": {
    "dictionary-es": {
      "version": "2.0.1",
      "resolved": "https://registry.npmjs.org/dictionary-es/-/dictionary-es-2.0.1.tgz",
      "integrity": "sha512-orFaJMJrocLx1PsDpgrP0hYtpmUvEvJgdZkeo4l4Ybk+0j6YnZw091R47jsqBrl8j5zeErw+LQreVGkkEsp3qA=="
    }
  }
}
